// !$*UTF8*$!
{
	archiveVersion = 1;
	classes = {
	};
	objectVersion = 50;
	objects = {

/* Begin PBXBuildFile section */
		22B4674F237C2C6A00FD4FC6 /* AppDelegate.swift in Sources */ = {isa = PBXBuildFile; fileRef = 22B4674E237C2C6A00FD4FC6 /* AppDelegate.swift */; };
		22B46754237C2C6A00FD4FC6 /* WeaterMap.storyboard in Resources */ = {isa = PBXBuildFile; fileRef = 22B46752237C2C6A00FD4FC6 /* WeaterMap.storyboard */; };
		22B46756237C2C6B00FD4FC6 /* Assets.xcassets in Resources */ = {isa = PBXBuildFile; fileRef = 22B46755237C2C6B00FD4FC6 /* Assets.xcassets */; };
		22B46759237C2C6B00FD4FC6 /* LaunchScreen.storyboard in Resources */ = {isa = PBXBuildFile; fileRef = 22B46757237C2C6B00FD4FC6 /* LaunchScreen.storyboard */; };
		22B46765237C2D3900FD4FC6 /* APIManager.swift in Sources */ = {isa = PBXBuildFile; fileRef = 22B46764237C2D3900FD4FC6 /* APIManager.swift */; };
		22B46767237C2D4300FD4FC6 /* Router.swift in Sources */ = {isa = PBXBuildFile; fileRef = 22B46766237C2D4300FD4FC6 /* Router.swift */; };
		22B4676B237C320C00FD4FC6 /* Alamofire.framework in Frameworks */ = {isa = PBXBuildFile; fileRef = 22B4676A237C320C00FD4FC6 /* Alamofire.framework */; };
		22B46772237C393C00FD4FC6 /* WheaterMapViewModel.swift in Sources */ = {isa = PBXBuildFile; fileRef = 22B46771237C393C00FD4FC6 /* WheaterMapViewModel.swift */; };
		22B46776237C3AE500FD4FC6 /* UIViewControllerExtension.swift in Sources */ = {isa = PBXBuildFile; fileRef = 22B46775237C3AE500FD4FC6 /* UIViewControllerExtension.swift */; };
		22B46778237C3B8700FD4FC6 /* UIAlertControllerExtension.swift in Sources */ = {isa = PBXBuildFile; fileRef = 22B46777237C3B8700FD4FC6 /* UIAlertControllerExtension.swift */; };
		22B4677D237CCD5100FD4FC6 /* Weather.swift in Sources */ = {isa = PBXBuildFile; fileRef = 22B4677C237CCD5100FD4FC6 /* Weather.swift */; };
		22B4677F237D1CC100FD4FC6 /* WeaterMapViewControllerExtension.swift in Sources */ = {isa = PBXBuildFile; fileRef = 22B4677E237D1CC100FD4FC6 /* WeaterMapViewControllerExtension.swift */; };
		22B46781237D2F2600FD4FC6 /* Main.swift in Sources */ = {isa = PBXBuildFile; fileRef = 22B46780237D2F2600FD4FC6 /* Main.swift */; };
		22B46783237D2F3F00FD4FC6 /* Coord.swift in Sources */ = {isa = PBXBuildFile; fileRef = 22B46782237D2F3F00FD4FC6 /* Coord.swift */; };
		22B46785237D2F5300FD4FC6 /* WeatherDescription.swift in Sources */ = {isa = PBXBuildFile; fileRef = 22B46784237D2F5300FD4FC6 /* WeatherDescription.swift */; };
		22B46787237D2F6C00FD4FC6 /* Sys.swift in Sources */ = {isa = PBXBuildFile; fileRef = 22B46786237D2F6C00FD4FC6 /* Sys.swift */; };
		22B46789237D2F8400FD4FC6 /* Wind.swift in Sources */ = {isa = PBXBuildFile; fileRef = 22B46788237D2F8400FD4FC6 /* Wind.swift */; };
		22B4678D237D335300FD4FC6 /* WeaterMapViewController.swift in Sources */ = {isa = PBXBuildFile; fileRef = 22B4678C237D335100FD4FC6 /* WeaterMapViewController.swift */; };
		B6AF5EB0CC63B505469603E6 /* Pods_OpenWheater.framework in Frameworks */ = {isa = PBXBuildFile; fileRef = CFD6B023A9CE2762EFB6EFF7 /* Pods_OpenWheater.framework */; };
/* End PBXBuildFile section */

/* Begin PBXFileReference section */
		0132BCD7E0CCB0965E76FB51 /* Pods-OpenWheater.debug.xcconfig */ = {isa = PBXFileReference; includeInIndex = 1; lastKnownFileType = text.xcconfig; name = "Pods-OpenWheater.debug.xcconfig"; path = "Target Support Files/Pods-OpenWheater/Pods-OpenWheater.debug.xcconfig"; sourceTree = "<group>"; };
		22B4674B237C2C6A00FD4FC6 /* OpenWheater.app */ = {isa = PBXFileReference; explicitFileType = wrapper.application; includeInIndex = 0; path = OpenWheater.app; sourceTree = BUILT_PRODUCTS_DIR; };
		22B4674E237C2C6A00FD4FC6 /* AppDelegate.swift */ = {isa = PBXFileReference; lastKnownFileType = sourcecode.swift; path = AppDelegate.swift; sourceTree = "<group>"; };
		22B46753237C2C6A00FD4FC6 /* Base */ = {isa = PBXFileReference; lastKnownFileType = file.storyboard; name = Base; path = Base.lproj/WeaterMap.storyboard; sourceTree = "<group>"; };
		22B46755237C2C6B00FD4FC6 /* Assets.xcassets */ = {isa = PBXFileReference; lastKnownFileType = folder.assetcatalog; path = Assets.xcassets; sourceTree = "<group>"; };
		22B46758237C2C6B00FD4FC6 /* Base */ = {isa = PBXFileReference; lastKnownFileType = file.storyboard; name = Base; path = Base.lproj/LaunchScreen.storyboard; sourceTree = "<group>"; };
		22B4675A237C2C6B00FD4FC6 /* Info.plist */ = {isa = PBXFileReference; lastKnownFileType = text.plist.xml; path = Info.plist; sourceTree = "<group>"; };
		22B46764237C2D3900FD4FC6 /* APIManager.swift */ = {isa = PBXFileReference; lastKnownFileType = sourcecode.swift; path = APIManager.swift; sourceTree = "<group>"; };
		22B46766237C2D4300FD4FC6 /* Router.swift */ = {isa = PBXFileReference; lastKnownFileType = sourcecode.swift; path = Router.swift; sourceTree = "<group>"; };
		22B46768237C315F00FD4FC6 /* Alamofire.framework */ = {isa = PBXFileReference; explicitFileType = wrapper.framework; path = Alamofire.framework; sourceTree = BUILT_PRODUCTS_DIR; };
		22B4676A237C320C00FD4FC6 /* Alamofire.framework */ = {isa = PBXFileReference; explicitFileType = wrapper.framework; path = Alamofire.framework; sourceTree = BUILT_PRODUCTS_DIR; };
		22B46771237C393C00FD4FC6 /* WheaterMapViewModel.swift */ = {isa = PBXFileReference; lastKnownFileType = sourcecode.swift; path = WheaterMapViewModel.swift; sourceTree = "<group>"; };
		22B46775237C3AE500FD4FC6 /* UIViewControllerExtension.swift */ = {isa = PBXFileReference; lastKnownFileType = sourcecode.swift; path = UIViewControllerExtension.swift; sourceTree = "<group>"; };
		22B46777237C3B8700FD4FC6 /* UIAlertControllerExtension.swift */ = {isa = PBXFileReference; lastKnownFileType = sourcecode.swift; path = UIAlertControllerExtension.swift; sourceTree = "<group>"; };
		22B4677C237CCD5100FD4FC6 /* Weather.swift */ = {isa = PBXFileReference; lastKnownFileType = sourcecode.swift; path = Weather.swift; sourceTree = "<group>"; };
		22B4677E237D1CC100FD4FC6 /* WeaterMapViewControllerExtension.swift */ = {isa = PBXFileReference; lastKnownFileType = sourcecode.swift; path = WeaterMapViewControllerExtension.swift; sourceTree = "<group>"; };
		22B46780237D2F2600FD4FC6 /* Main.swift */ = {isa = PBXFileReference; lastKnownFileType = sourcecode.swift; path = Main.swift; sourceTree = "<group>"; };
		22B46782237D2F3F00FD4FC6 /* Coord.swift */ = {isa = PBXFileReference; lastKnownFileType = sourcecode.swift; path = Coord.swift; sourceTree = "<group>"; };
		22B46784237D2F5300FD4FC6 /* WeatherDescription.swift */ = {isa = PBXFileReference; lastKnownFileType = sourcecode.swift; path = WeatherDescription.swift; sourceTree = "<group>"; };
		22B46786237D2F6C00FD4FC6 /* Sys.swift */ = {isa = PBXFileReference; lastKnownFileType = sourcecode.swift; path = Sys.swift; sourceTree = "<group>"; };
		22B46788237D2F8400FD4FC6 /* Wind.swift */ = {isa = PBXFileReference; lastKnownFileType = sourcecode.swift; path = Wind.swift; sourceTree = "<group>"; };
		22B4678C237D335100FD4FC6 /* WeaterMapViewController.swift */ = {isa = PBXFileReference; fileEncoding = 4; lastKnownFileType = sourcecode.swift; path = WeaterMapViewController.swift; sourceTree = "<group>"; };
		48D9DF31838BFB6A47E47A73 /* Pods-OpenWheater.release.xcconfig */ = {isa = PBXFileReference; includeInIndex = 1; lastKnownFileType = text.xcconfig; name = "Pods-OpenWheater.release.xcconfig"; path = "Target Support Files/Pods-OpenWheater/Pods-OpenWheater.release.xcconfig"; sourceTree = "<group>"; };
		CFD6B023A9CE2762EFB6EFF7 /* Pods_OpenWheater.framework */ = {isa = PBXFileReference; explicitFileType = wrapper.framework; includeInIndex = 0; path = Pods_OpenWheater.framework; sourceTree = BUILT_PRODUCTS_DIR; };
/* End PBXFileReference section */

/* Begin PBXFrameworksBuildPhase section */
		22B46748237C2C6A00FD4FC6 /* Frameworks */ = {
			isa = PBXFrameworksBuildPhase;
			buildActionMask = 2147483647;
			files = (
				22B4676B237C320C00FD4FC6 /* Alamofire.framework in Frameworks */,
				B6AF5EB0CC63B505469603E6 /* Pods_OpenWheater.framework in Frameworks */,
			);
			runOnlyForDeploymentPostprocessing = 0;
		};
/* End PBXFrameworksBuildPhase section */

/* Begin PBXGroup section */
		22B46742237C2C6A00FD4FC6 = {
			isa = PBXGroup;
			children = (
				22B4674D237C2C6A00FD4FC6 /* OpenWheater */,
				22B4674C237C2C6A00FD4FC6 /* Products */,
				8A100F6F18F5D8055B4FD203 /* Pods */,
				2856AF553DCC74C9EE99255D /* Frameworks */,
			);
			sourceTree = "<group>";
		};
		22B4674C237C2C6A00FD4FC6 /* Products */ = {
			isa = PBXGroup;
			children = (
				22B4674B237C2C6A00FD4FC6 /* OpenWheater.app */,
			);
			name = Products;
			sourceTree = "<group>";
		};
		22B4674D237C2C6A00FD4FC6 /* OpenWheater */ = {
			isa = PBXGroup;
			children = (
				22B46763237C2D1F00FD4FC6 /* APIManager */,
				22B46760237C2C8500FD4FC6 /* Main */,
				22B46762237C2CCC00FD4FC6 /* Modules */,
				22B46761237C2CBD00FD4FC6 /* Resources */,
				22B46773237C3AA700FD4FC6 /* Utils */,
			);
			path = OpenWheater;
			sourceTree = "<group>";
		};
		22B46760237C2C8500FD4FC6 /* Main */ = {
			isa = PBXGroup;
			children = (
				22B4674E237C2C6A00FD4FC6 /* AppDelegate.swift */,
				22B46757237C2C6B00FD4FC6 /* LaunchScreen.storyboard */,
				22B4675A237C2C6B00FD4FC6 /* Info.plist */,
			);
			path = Main;
			sourceTree = "<group>";
		};
		22B46761237C2CBD00FD4FC6 /* Resources */ = {
			isa = PBXGroup;
			children = (
				22B46755237C2C6B00FD4FC6 /* Assets.xcassets */,
			);
			path = Resources;
			sourceTree = "<group>";
		};
		22B46762237C2CCC00FD4FC6 /* Modules */ = {
			isa = PBXGroup;
			children = (
				22B4676D237C387900FD4FC6 /* CurrentWeather */,
			);
			path = Modules;
			sourceTree = "<group>";
		};
		22B46763237C2D1F00FD4FC6 /* APIManager */ = {
			isa = PBXGroup;
			children = (
				22B46764237C2D3900FD4FC6 /* APIManager.swift */,
				22B46766237C2D4300FD4FC6 /* Router.swift */,
			);
			path = APIManager;
			sourceTree = "<group>";
		};
		22B4676D237C387900FD4FC6 /* CurrentWeather */ = {
			isa = PBXGroup;
			children = (
				22B4677B237CCD4100FD4FC6 /* Model */,
				22B4676F237C38B600FD4FC6 /* View */,
				22B4676E237C38AA00FD4FC6 /* ViewModel */,
			);
			path = CurrentWeather;
			sourceTree = "<group>";
		};
		22B4676E237C38AA00FD4FC6 /* ViewModel */ = {
			isa = PBXGroup;
			children = (
				22B46771237C393C00FD4FC6 /* WheaterMapViewModel.swift */,
			);
			path = ViewModel;
			sourceTree = "<group>";
		};
		22B4676F237C38B600FD4FC6 /* View */ = {
			isa = PBXGroup;
			children = (
				22B4678C237D335100FD4FC6 /* WeaterMapViewController.swift */,
				22B4677E237D1CC100FD4FC6 /* WeaterMapViewControllerExtension.swift */,
				22B46752237C2C6A00FD4FC6 /* WeaterMap.storyboard */,
			);
			path = View;
			sourceTree = "<group>";
		};
		22B46773237C3AA700FD4FC6 /* Utils */ = {
			isa = PBXGroup;
			children = (
				22B46774237C3AC200FD4FC6 /* Extensions */,
			);
			path = Utils;
			sourceTree = "<group>";
		};
		22B46774237C3AC200FD4FC6 /* Extensions */ = {
			isa = PBXGroup;
			children = (
				22B46775237C3AE500FD4FC6 /* UIViewControllerExtension.swift */,
				22B46777237C3B8700FD4FC6 /* UIAlertControllerExtension.swift */,
			);
			path = Extensions;
			sourceTree = "<group>";
		};
		22B4677B237CCD4100FD4FC6 /* Model */ = {
			isa = PBXGroup;
			children = (
				22B4677C237CCD5100FD4FC6 /* Weather.swift */,
				22B46780237D2F2600FD4FC6 /* Main.swift */,
				22B46782237D2F3F00FD4FC6 /* Coord.swift */,
				22B46784237D2F5300FD4FC6 /* WeatherDescription.swift */,
				22B46786237D2F6C00FD4FC6 /* Sys.swift */,
				22B46788237D2F8400FD4FC6 /* Wind.swift */,
			);
			path = Model;
			sourceTree = "<group>";
		};
		2856AF553DCC74C9EE99255D /* Frameworks */ = {
			isa = PBXGroup;
			children = (
				22B4676A237C320C00FD4FC6 /* Alamofire.framework */,
				22B46768237C315F00FD4FC6 /* Alamofire.framework */,
				CFD6B023A9CE2762EFB6EFF7 /* Pods_OpenWheater.framework */,
			);
			name = Frameworks;
			sourceTree = "<group>";
		};
		8A100F6F18F5D8055B4FD203 /* Pods */ = {
			isa = PBXGroup;
			children = (
				0132BCD7E0CCB0965E76FB51 /* Pods-OpenWheater.debug.xcconfig */,
				48D9DF31838BFB6A47E47A73 /* Pods-OpenWheater.release.xcconfig */,
			);
			path = Pods;
			sourceTree = "<group>";
		};
/* End PBXGroup section */

/* Begin PBXNativeTarget section */
		22B4674A237C2C6A00FD4FC6 /* OpenWheater */ = {
			isa = PBXNativeTarget;
			buildConfigurationList = 22B4675D237C2C6B00FD4FC6 /* Build configuration list for PBXNativeTarget "OpenWheater" */;
			buildPhases = (
				2AEF9CA2A26CF3F789B9BA91 /* [CP] Check Pods Manifest.lock */,
				22B46747237C2C6A00FD4FC6 /* Sources */,
				22B46748237C2C6A00FD4FC6 /* Frameworks */,
				22B46749237C2C6A00FD4FC6 /* Resources */,
				382A0011601263A78150E783 /* [CP] Embed Pods Frameworks */,
			);
			buildRules = (
			);
			dependencies = (
			);
			name = OpenWheater;
			productName = OpenWheater;
			productReference = 22B4674B237C2C6A00FD4FC6 /* OpenWheater.app */;
			productType = "com.apple.product-type.application";
		};
/* End PBXNativeTarget section */

/* Begin PBXProject section */
		22B46743237C2C6A00FD4FC6 /* Project object */ = {
			isa = PBXProject;
			attributes = {
				LastSwiftUpdateCheck = 1010;
				LastUpgradeCheck = 1010;
				ORGANIZATIONNAME = macOS;
				TargetAttributes = {
					22B4674A237C2C6A00FD4FC6 = {
						CreatedOnToolsVersion = 10.1;
					};
				};
			};
			buildConfigurationList = 22B46746237C2C6A00FD4FC6 /* Build configuration list for PBXProject "OpenWheater" */;
			compatibilityVersion = "Xcode 9.3";
			developmentRegion = en;
			hasScannedForEncodings = 0;
			knownRegions = (
				en,
				Base,
			);
			mainGroup = 22B46742237C2C6A00FD4FC6;
			productRefGroup = 22B4674C237C2C6A00FD4FC6 /* Products */;
			projectDirPath = "";
			projectRoot = "";
			targets = (
				22B4674A237C2C6A00FD4FC6 /* OpenWheater */,
			);
		};
/* End PBXProject section */

/* Begin PBXResourcesBuildPhase section */
		22B46749237C2C6A00FD4FC6 /* Resources */ = {
			isa = PBXResourcesBuildPhase;
			buildActionMask = 2147483647;
			files = (
				22B46759237C2C6B00FD4FC6 /* LaunchScreen.storyboard in Resources */,
				22B46756237C2C6B00FD4FC6 /* Assets.xcassets in Resources */,
				22B46754237C2C6A00FD4FC6 /* WeaterMap.storyboard in Resources */,
			);
			runOnlyForDeploymentPostprocessing = 0;
		};
/* End PBXResourcesBuildPhase section */

/* Begin PBXShellScriptBuildPhase section */
		2AEF9CA2A26CF3F789B9BA91 /* [CP] Check Pods Manifest.lock */ = {
			isa = PBXShellScriptBuildPhase;
			buildActionMask = 2147483647;
			files = (
			);
			inputFileListPaths = (
			);
			inputPaths = (
				"${PODS_PODFILE_DIR_PATH}/Podfile.lock",
				"${PODS_ROOT}/Manifest.lock",
			);
			name = "[CP] Check Pods Manifest.lock";
			outputFileListPaths = (
			);
			outputPaths = (
				"$(DERIVED_FILE_DIR)/Pods-OpenWheater-checkManifestLockResult.txt",
			);
			runOnlyForDeploymentPostprocessing = 0;
			shellPath = /bin/sh;
			shellScript = "diff \"${PODS_PODFILE_DIR_PATH}/Podfile.lock\" \"${PODS_ROOT}/Manifest.lock\" > /dev/null\nif [ $? != 0 ] ; then\n    # print error to STDERR\n    echo \"error: The sandbox is not in sync with the Podfile.lock. Run 'pod install' or update your CocoaPods installation.\" >&2\n    exit 1\nfi\n# This output is used by Xcode 'outputs' to avoid re-running this script phase.\necho \"SUCCESS\" > \"${SCRIPT_OUTPUT_FILE_0}\"\n";
			showEnvVarsInLog = 0;
		};
		382A0011601263A78150E783 /* [CP] Embed Pods Frameworks */ = {
			isa = PBXShellScriptBuildPhase;
			buildActionMask = 2147483647;
			files = (
			);
			inputFileListPaths = (
			);
			inputPaths = (
				"${PODS_ROOT}/Target Support Files/Pods-OpenWheater/Pods-OpenWheater-frameworks.sh",
				"${BUILT_PRODUCTS_DIR}/Alamofire/Alamofire.framework",
				"${BUILT_PRODUCTS_DIR}/Kingfisher/Kingfisher.framework",
				"${BUILT_PRODUCTS_DIR}/ObjectMapper/ObjectMapper.framework",
				"${BUILT_PRODUCTS_DIR}/SwiftyJSON/SwiftyJSON.framework",
			);
			name = "[CP] Embed Pods Frameworks";
			outputFileListPaths = (
			);
			outputPaths = (
				"${TARGET_BUILD_DIR}/${FRAMEWORKS_FOLDER_PATH}/Alamofire.framework",
				"${TARGET_BUILD_DIR}/${FRAMEWORKS_FOLDER_PATH}/Kingfisher.framework",
				"${TARGET_BUILD_DIR}/${FRAMEWORKS_FOLDER_PATH}/ObjectMapper.framework",
				"${TARGET_BUILD_DIR}/${FRAMEWORKS_FOLDER_PATH}/SwiftyJSON.framework",
			);
			runOnlyForDeploymentPostprocessing = 0;
			shellPath = /bin/sh;
			shellScript = "\"${PODS_ROOT}/Target Support Files/Pods-OpenWheater/Pods-OpenWheater-frameworks.sh\"\n";
			showEnvVarsInLog = 0;
		};
/* End PBXShellScriptBuildPhase section */

/* Begin PBXSourcesBuildPhase section */
		22B46747237C2C6A00FD4FC6 /* Sources */ = {
			isa = PBXSourcesBuildPhase;
			buildActionMask = 2147483647;
			files = (
				22B46781237D2F2600FD4FC6 /* Main.swift in Sources */,
				22B46767237C2D4300FD4FC6 /* Router.swift in Sources */,
				22B46765237C2D3900FD4FC6 /* APIManager.swift in Sources */,
				22B46776237C3AE500FD4FC6 /* UIViewControllerExtension.swift in Sources */,
				22B4674F237C2C6A00FD4FC6 /* AppDelegate.swift in Sources */,
				22B46787237D2F6C00FD4FC6 /* Sys.swift in Sources */,
				22B46783237D2F3F00FD4FC6 /* Coord.swift in Sources */,
				22B46778237C3B8700FD4FC6 /* UIAlertControllerExtension.swift in Sources */,
				22B46789237D2F8400FD4FC6 /* Wind.swift in Sources */,
				22B4678D237D335300FD4FC6 /* WeaterMapViewController.swift in Sources */,
				22B46772237C393C00FD4FC6 /* WheaterMapViewModel.swift in Sources */,
				22B4677D237CCD5100FD4FC6 /* Weather.swift in Sources */,
				22B4677F237D1CC100FD4FC6 /* WeaterMapViewControllerExtension.swift in Sources */,
				22B46785237D2F5300FD4FC6 /* WeatherDescription.swift in Sources */,
			);
			runOnlyForDeploymentPostprocessing = 0;
		};
/* End PBXSourcesBuildPhase section */

/* Begin PBXVariantGroup section */
		22B46752237C2C6A00FD4FC6 /* WeaterMap.storyboard */ = {
			isa = PBXVariantGroup;
			children = (
				22B46753237C2C6A00FD4FC6 /* Base */,
			);
			name = WeaterMap.storyboard;
			sourceTree = "<group>";
		};
		22B46757237C2C6B00FD4FC6 /* LaunchScreen.storyboard */ = {
			isa = PBXVariantGroup;
			children = (
				22B46758237C2C6B00FD4FC6 /* Base */,
			);
			name = LaunchScreen.storyboard;
			sourceTree = "<group>";
		};
/* End PBXVariantGroup section */

/* Begin XCBuildConfiguration section */
		22B4675B237C2C6B00FD4FC6 /* Debug */ = {
			isa = XCBuildConfiguration;
			buildSettings = {
				ALWAYS_SEARCH_USER_PATHS = NO;
				CLANG_ANALYZER_NONNULL = YES;
				CLANG_ANALYZER_NUMBER_OBJECT_CONVERSION = YES_AGGRESSIVE;
				CLANG_CXX_LANGUAGE_STANDARD = "gnu++14";
				CLANG_CXX_LIBRARY = "libc++";
				CLANG_ENABLE_MODULES = YES;
				CLANG_ENABLE_OBJC_ARC = YES;
				CLANG_ENABLE_OBJC_WEAK = YES;
				CLANG_WARN_BLOCK_CAPTURE_AUTORELEASING = YES;
				CLANG_WARN_BOOL_CONVERSION = YES;
				CLANG_WARN_COMMA = YES;
				CLANG_WARN_CONSTANT_CONVERSION = YES;
				CLANG_WARN_DEPRECATED_OBJC_IMPLEMENTATIONS = YES;
				CLANG_WARN_DIRECT_OBJC_ISA_USAGE = YES_ERROR;
				CLANG_WARN_DOCUMENTATION_COMMENTS = YES;
				CLANG_WARN_EMPTY_BODY = YES;
				CLANG_WARN_ENUM_CONVERSION = YES;
				CLANG_WARN_INFINITE_RECURSION = YES;
				CLANG_WARN_INT_CONVERSION = YES;
				CLANG_WARN_NON_LITERAL_NULL_CONVERSION = YES;
				CLANG_WARN_OBJC_IMPLICIT_RETAIN_SELF = YES;
				CLANG_WARN_OBJC_LITERAL_CONVERSION = YES;
				CLANG_WARN_OBJC_ROOT_CLASS = YES_ERROR;
				CLANG_WARN_RANGE_LOOP_ANALYSIS = YES;
				CLANG_WARN_STRICT_PROTOTYPES = YES;
				CLANG_WARN_SUSPICIOUS_MOVE = YES;
				CLANG_WARN_UNGUARDED_AVAILABILITY = YES_AGGRESSIVE;
				CLANG_WARN_UNREACHABLE_CODE = YES;
				CLANG_WARN__DUPLICATE_METHOD_MATCH = YES;
				CODE_SIGN_IDENTITY = "iPhone Developer";
				COPY_PHASE_STRIP = NO;
				DEBUG_INFORMATION_FORMAT = dwarf;
				ENABLE_STRICT_OBJC_MSGSEND = YES;
				ENABLE_TESTABILITY = YES;
				GCC_C_LANGUAGE_STANDARD = gnu11;
				GCC_DYNAMIC_NO_PIC = NO;
				GCC_NO_COMMON_BLOCKS = YES;
				GCC_OPTIMIZATION_LEVEL = 0;
				GCC_PREPROCESSOR_DEFINITIONS = (
					"DEBUG=1",
					"$(inherited)",
				);
				GCC_WARN_64_TO_32_BIT_CONVERSION = YES;
				GCC_WARN_ABOUT_RETURN_TYPE = YES_ERROR;
				GCC_WARN_UNDECLARED_SELECTOR = YES;
				GCC_WARN_UNINITIALIZED_AUTOS = YES_AGGRESSIVE;
				GCC_WARN_UNUSED_FUNCTION = YES;
				GCC_WARN_UNUSED_VARIABLE = YES;
				IPHONEOS_DEPLOYMENT_TARGET = 12.1;
				MTL_ENABLE_DEBUG_INFO = INCLUDE_SOURCE;
				MTL_FAST_MATH = YES;
				ONLY_ACTIVE_ARCH = YES;
				SDKROOT = iphoneos;
				SWIFT_ACTIVE_COMPILATION_CONDITIONS = DEBUG;
				SWIFT_OPTIMIZATION_LEVEL = "-Onone";
			};
			name = Debug;
		};
		22B4675C237C2C6B00FD4FC6 /* Release */ = {
			isa = XCBuildConfiguration;
			buildSettings = {
				ALWAYS_SEARCH_USER_PATHS = NO;
				CLANG_ANALYZER_NONNULL = YES;
				CLANG_ANALYZER_NUMBER_OBJECT_CONVERSION = YES_AGGRESSIVE;
				CLANG_CXX_LANGUAGE_STANDARD = "gnu++14";
				CLANG_CXX_LIBRARY = "libc++";
				CLANG_ENABLE_MODULES = YES;
				CLANG_ENABLE_OBJC_ARC = YES;
				CLANG_ENABLE_OBJC_WEAK = YES;
				CLANG_WARN_BLOCK_CAPTURE_AUTORELEASING = YES;
				CLANG_WARN_BOOL_CONVERSION = YES;
				CLANG_WARN_COMMA = YES;
				CLANG_WARN_CONSTANT_CONVERSION = YES;
				CLANG_WARN_DEPRECATED_OBJC_IMPLEMENTATIONS = YES;
				CLANG_WARN_DIRECT_OBJC_ISA_USAGE = YES_ERROR;
				CLANG_WARN_DOCUMENTATION_COMMENTS = YES;
				CLANG_WARN_EMPTY_BODY = YES;
				CLANG_WARN_ENUM_CONVERSION = YES;
				CLANG_WARN_INFINITE_RECURSION = YES;
				CLANG_WARN_INT_CONVERSION = YES;
				CLANG_WARN_NON_LITERAL_NULL_CONVERSION = YES;
				CLANG_WARN_OBJC_IMPLICIT_RETAIN_SELF = YES;
				CLANG_WARN_OBJC_LITERAL_CONVERSION = YES;
				CLANG_WARN_OBJC_ROOT_CLASS = YES_ERROR;
				CLANG_WARN_RANGE_LOOP_ANALYSIS = YES;
				CLANG_WARN_STRICT_PROTOTYPES = YES;
				CLANG_WARN_SUSPICIOUS_MOVE = YES;
				CLANG_WARN_UNGUARDED_AVAILABILITY = YES_AGGRESSIVE;
				CLANG_WARN_UNREACHABLE_CODE = YES;
				CLANG_WARN__DUPLICATE_METHOD_MATCH = YES;
				CODE_SIGN_IDENTITY = "iPhone Developer";
				COPY_PHASE_STRIP = NO;
				DEBUG_INFORMATION_FORMAT = "dwarf-with-dsym";
				ENABLE_NS_ASSERTIONS = NO;
				ENABLE_STRICT_OBJC_MSGSEND = YES;
				GCC_C_LANGUAGE_STANDARD = gnu11;
				GCC_NO_COMMON_BLOCKS = YES;
				GCC_WARN_64_TO_32_BIT_CONVERSION = YES;
				GCC_WARN_ABOUT_RETURN_TYPE = YES_ERROR;
				GCC_WARN_UNDECLARED_SELECTOR = YES;
				GCC_WARN_UNINITIALIZED_AUTOS = YES_AGGRESSIVE;
				GCC_WARN_UNUSED_FUNCTION = YES;
				GCC_WARN_UNUSED_VARIABLE = YES;
				IPHONEOS_DEPLOYMENT_TARGET = 12.1;
				MTL_ENABLE_DEBUG_INFO = NO;
				MTL_FAST_MATH = YES;
				SDKROOT = iphoneos;
				SWIFT_COMPILATION_MODE = wholemodule;
				SWIFT_OPTIMIZATION_LEVEL = "-O";
				VALIDATE_PRODUCT = YES;
			};
			name = Release;
		};
		22B4675E237C2C6B00FD4FC6 /* Debug */ = {
			isa = XCBuildConfiguration;
			baseConfigurationReference = 0132BCD7E0CCB0965E76FB51 /* Pods-OpenWheater.debug.xcconfig */;
			buildSettings = {
				ASSETCATALOG_COMPILER_APPICON_NAME = AppIcon;
				CODE_SIGN_STYLE = Automatic;
				DEVELOPMENT_TEAM = 65W3CGU7V4;
				INFOPLIST_FILE = OpenWheater/Main/Info.plist;
				LD_RUNPATH_SEARCH_PATHS = (
					"$(inherited)",
					"@executable_path/Frameworks",
				);
				PRODUCT_BUNDLE_IDENTIFIER = siul.OpenWheater;
				PRODUCT_NAME = "$(TARGET_NAME)";
				SWIFT_VERSION = 4.2;
				TARGETED_DEVICE_FAMILY = "1,2";
			};
			name = Debug;
		};
		22B4675F237C2C6B00FD4FC6 /* Release */ = {
			isa = XCBuildConfiguration;
			baseConfigurationReference = 48D9DF31838BFB6A47E47A73 /* Pods-OpenWheater.release.xcconfig */;
			buildSettings = {
				ASSETCATALOG_COMPILER_APPICON_NAME = AppIcon;
				CODE_SIGN_STYLE = Automatic;
				DEVELOPMENT_TEAM = 65W3CGU7V4;
				INFOPLIST_FILE = OpenWheater/Main/Info.plist;
				LD_RUNPATH_SEARCH_PATHS = (
					"$(inherited)",
					"@executable_path/Frameworks",
				);
				PRODUCT_BUNDLE_IDENTIFIER = siul.OpenWheater;
				PRODUCT_NAME = "$(TARGET_NAME)";
				SWIFT_VERSION = 4.2;
				TARGETED_DEVICE_FAMILY = "1,2";
			};
			name = Release;
		};
/* End XCBuildConfiguration section */

/* Begin XCConfigurationList section */
		22B46746237C2C6A00FD4FC6 /* Build configuration list for PBXProject "OpenWheater" */ = {
			isa = XCConfigurationList;
			buildConfigurations = (
				22B4675B237C2C6B00FD4FC6 /* Debug */,
				22B4675C237C2C6B00FD4FC6 /* Release */,
			);
			defaultConfigurationIsVisible = 0;
			defaultConfigurationName = Release;
		};
		22B4675D237C2C6B00FD4FC6 /* Build configuration list for PBXNativeTarget "OpenWheater" */ = {
			isa = XCConfigurationList;
			buildConfigurations = (
				22B4675E237C2C6B00FD4FC6 /* Debug */,
				22B4675F237C2C6B00FD4FC6 /* Release */,
			);
			defaultConfigurationIsVisible = 0;
			defaultConfigurationName = Release;
		};
/* End XCConfigurationList section */
	};
	rootObject = 22B46743237C2C6A00FD4FC6 /* Project object */;
}
